// !$*UTF8*$!
{
	archiveVersion = 1;
	classes = {
	};
	objectVersion = 51;
	objects = {

/* Begin PBXBuildFile section */
		3C7D54EC236E172F0038DF9B /* GoogleService-Info.plist in Resources */ = {isa = PBXBuildFile; fileRef = 3C7D54EB236E172F0038DF9B /* GoogleService-Info.plist */; };
		3C7D54EE236E193E0038DF9B /* DataTypes.swift in Sources */ = {isa = PBXBuildFile; fileRef = 3C7D54ED236E193E0038DF9B /* DataTypes.swift */; };
		3C7D54F0236E1B2C0038DF9B /* IncidentListViewController.swift in Sources */ = {isa = PBXBuildFile; fileRef = 3C7D54EF236E1B2C0038DF9B /* IncidentListViewController.swift */; };
		3CA85EAA236E1F8E009761E7 /* IncidentListTableViewCell.swift in Sources */ = {isa = PBXBuildFile; fileRef = 3CA85EA9236E1F8E009761E7 /* IncidentListTableViewCell.swift */; };
		3CA85EAC236E2F54009761E7 /* google-logo.png in Resources */ = {isa = PBXBuildFile; fileRef = 3CA85EAB236E2F54009761E7 /* google-logo.png */; };
		3CA85EAE236E2FF8009761E7 /* google-logo-white.png in Resources */ = {isa = PBXBuildFile; fileRef = 3CA85EAD236E2FF8009761E7 /* google-logo-white.png */; };
		3CA85EB3236E35C0009761E7 /* IncidentDetailViewController.swift in Sources */ = {isa = PBXBuildFile; fileRef = 3CA85EB2236E35C0009761E7 /* IncidentDetailViewController.swift */; };
		3CA85EB7236E35F7009761E7 /* IncidentDetailDescriptionTableViewCell.swift in Sources */ = {isa = PBXBuildFile; fileRef = 3CA85EB6236E35F7009761E7 /* IncidentDetailDescriptionTableViewCell.swift */; };
		3CF56AA7236E07B800459C90 /* AppDelegate.swift in Sources */ = {isa = PBXBuildFile; fileRef = 3CF56AA6236E07B800459C90 /* AppDelegate.swift */; };
		3CF56AA9236E07B800459C90 /* SceneDelegate.swift in Sources */ = {isa = PBXBuildFile; fileRef = 3CF56AA8236E07B800459C90 /* SceneDelegate.swift */; };
		3CF56AAE236E07B800459C90 /* Main.storyboard in Resources */ = {isa = PBXBuildFile; fileRef = 3CF56AAC236E07B800459C90 /* Main.storyboard */; };
		3CF56AB0236E07BB00459C90 /* Assets.xcassets in Resources */ = {isa = PBXBuildFile; fileRef = 3CF56AAF236E07BB00459C90 /* Assets.xcassets */; };
		3CF56AB3236E07BB00459C90 /* LaunchScreen.storyboard in Resources */ = {isa = PBXBuildFile; fileRef = 3CF56AB1236E07BB00459C90 /* LaunchScreen.storyboard */; };
		BD45A66E0FA04CE8F8229B01 /* Pods_Safeify.framework in Frameworks */ = {isa = PBXBuildFile; fileRef = 1E5A6D9217C054EA386F07F5 /* Pods_Safeify.framework */; };
/* End PBXBuildFile section */

/* Begin PBXFileReference section */
		1E5A6D9217C054EA386F07F5 /* Pods_Safeify.framework */ = {isa = PBXFileReference; explicitFileType = wrapper.framework; includeInIndex = 0; path = Pods_Safeify.framework; sourceTree = BUILT_PRODUCTS_DIR; };
		39B083E0AE3ED7448041AFE3 /* Pods-Safeify.debug.xcconfig */ = {isa = PBXFileReference; includeInIndex = 1; lastKnownFileType = text.xcconfig; name = "Pods-Safeify.debug.xcconfig"; path = "Target Support Files/Pods-Safeify/Pods-Safeify.debug.xcconfig"; sourceTree = "<group>"; };
		3C7D54EB236E172F0038DF9B /* GoogleService-Info.plist */ = {isa = PBXFileReference; fileEncoding = 4; lastKnownFileType = text.plist.xml; path = "GoogleService-Info.plist"; sourceTree = "<group>"; };
		3C7D54ED236E193E0038DF9B /* DataTypes.swift */ = {isa = PBXFileReference; lastKnownFileType = sourcecode.swift; path = DataTypes.swift; sourceTree = "<group>"; };
		3C7D54EF236E1B2C0038DF9B /* IncidentListViewController.swift */ = {isa = PBXFileReference; lastKnownFileType = sourcecode.swift; path = IncidentListViewController.swift; sourceTree = "<group>"; };
		3CA85EA9236E1F8E009761E7 /* IncidentListTableViewCell.swift */ = {isa = PBXFileReference; lastKnownFileType = sourcecode.swift; path = IncidentListTableViewCell.swift; sourceTree = "<group>"; };
		3CA85EAB236E2F54009761E7 /* google-logo.png */ = {isa = PBXFileReference; lastKnownFileType = image.png; path = "google-logo.png"; sourceTree = "<group>"; };
		3CA85EAD236E2FF8009761E7 /* google-logo-white.png */ = {isa = PBXFileReference; lastKnownFileType = image.png; path = "google-logo-white.png"; sourceTree = "<group>"; };
		3CA85EB2236E35C0009761E7 /* IncidentDetailViewController.swift */ = {isa = PBXFileReference; fileEncoding = 4; lastKnownFileType = sourcecode.swift; path = IncidentDetailViewController.swift; sourceTree = "<group>"; };
		3CA85EB6236E35F7009761E7 /* IncidentDetailDescriptionTableViewCell.swift */ = {isa = PBXFileReference; lastKnownFileType = sourcecode.swift; path = IncidentDetailDescriptionTableViewCell.swift; sourceTree = "<group>"; };
		3CF56AA3236E07B800459C90 /* Safeify.app */ = {isa = PBXFileReference; explicitFileType = wrapper.application; includeInIndex = 0; path = Safeify.app; sourceTree = BUILT_PRODUCTS_DIR; };
		3CF56AA6236E07B800459C90 /* AppDelegate.swift */ = {isa = PBXFileReference; lastKnownFileType = sourcecode.swift; path = AppDelegate.swift; sourceTree = "<group>"; };
		3CF56AA8236E07B800459C90 /* SceneDelegate.swift */ = {isa = PBXFileReference; lastKnownFileType = sourcecode.swift; path = SceneDelegate.swift; sourceTree = "<group>"; };
		3CF56AAD236E07B800459C90 /* Base */ = {isa = PBXFileReference; lastKnownFileType = file.storyboard; name = Base; path = Base.lproj/Main.storyboard; sourceTree = "<group>"; };
		3CF56AAF236E07BB00459C90 /* Assets.xcassets */ = {isa = PBXFileReference; lastKnownFileType = folder.assetcatalog; path = Assets.xcassets; sourceTree = "<group>"; };
		3CF56AB2236E07BB00459C90 /* Base */ = {isa = PBXFileReference; lastKnownFileType = file.storyboard; name = Base; path = Base.lproj/LaunchScreen.storyboard; sourceTree = "<group>"; };
		3CF56AB4236E07BB00459C90 /* Info.plist */ = {isa = PBXFileReference; lastKnownFileType = text.plist.xml; path = Info.plist; sourceTree = "<group>"; };
		CB3733BA7A5341526CBE1157 /* Pods-Safeify.release.xcconfig */ = {isa = PBXFileReference; includeInIndex = 1; lastKnownFileType = text.xcconfig; name = "Pods-Safeify.release.xcconfig"; path = "Target Support Files/Pods-Safeify/Pods-Safeify.release.xcconfig"; sourceTree = "<group>"; };
/* End PBXFileReference section */

/* Begin PBXFrameworksBuildPhase section */
		3CF56AA0236E07B800459C90 /* Frameworks */ = {
			isa = PBXFrameworksBuildPhase;
			buildActionMask = 2147483647;
			files = (
				BD45A66E0FA04CE8F8229B01 /* Pods_Safeify.framework in Frameworks */,
			);
			runOnlyForDeploymentPostprocessing = 0;
		};
/* End PBXFrameworksBuildPhase section */

/* Begin PBXGroup section */
		3CA85EB1236E35C0009761E7 /* Incident Detail */ = {
			isa = PBXGroup;
			children = (
				3CA85EB2236E35C0009761E7 /* IncidentDetailViewController.swift */,
				3CA85EB6236E35F7009761E7 /* IncidentDetailDescriptionTableViewCell.swift */,
			);
			path = "Incident Detail";
			sourceTree = "<group>";
		};
		3CF56A9A236E07B800459C90 = {
			isa = PBXGroup;
			children = (
				3CF56AA5236E07B800459C90 /* Safeify */,
				3CF56AA4236E07B800459C90 /* Products */,
				77DB9FD70D93296FE3B718E6 /* Pods */,
				A97395709A17BFD942657E2B /* Frameworks */,
			);
			sourceTree = "<group>";
		};
		3CF56AA4236E07B800459C90 /* Products */ = {
			isa = PBXGroup;
			children = (
				3CF56AA3236E07B800459C90 /* Safeify.app */,
			);
			name = Products;
			sourceTree = "<group>";
		};
		3CF56AA5236E07B800459C90 /* Safeify */ = {
			isa = PBXGroup;
			children = (
				3C7D54EB236E172F0038DF9B /* GoogleService-Info.plist */,
				3CF56AA6236E07B800459C90 /* AppDelegate.swift */,
				3CF56AA8236E07B800459C90 /* SceneDelegate.swift */,
				3CA85EB1236E35C0009761E7 /* Incident Detail */,
				3C7D54EF236E1B2C0038DF9B /* IncidentListViewController.swift */,
				3CA85EA9236E1F8E009761E7 /* IncidentListTableViewCell.swift */,
				3C7D54ED236E193E0038DF9B /* DataTypes.swift */,
				3CF56AAC236E07B800459C90 /* Main.storyboard */,
				3CF56AAF236E07BB00459C90 /* Assets.xcassets */,
				3CA85EAB236E2F54009761E7 /* google-logo.png */,
				3CA85EAD236E2FF8009761E7 /* google-logo-white.png */,
				3CF56AB1236E07BB00459C90 /* LaunchScreen.storyboard */,
				3CF56AB4236E07BB00459C90 /* Info.plist */,
			);
			path = Safeify;
			sourceTree = "<group>";
		};
		77DB9FD70D93296FE3B718E6 /* Pods */ = {
			isa = PBXGroup;
			children = (
				39B083E0AE3ED7448041AFE3 /* Pods-Safeify.debug.xcconfig */,
				CB3733BA7A5341526CBE1157 /* Pods-Safeify.release.xcconfig */,
			);
			path = Pods;
			sourceTree = "<group>";
		};
		A97395709A17BFD942657E2B /* Frameworks */ = {
			isa = PBXGroup;
			children = (
				1E5A6D9217C054EA386F07F5 /* Pods_Safeify.framework */,
			);
			name = Frameworks;
			sourceTree = "<group>";
		};
/* End PBXGroup section */

/* Begin PBXNativeTarget section */
		3CF56AA2236E07B800459C90 /* Safeify */ = {
			isa = PBXNativeTarget;
			buildConfigurationList = 3CF56AB7236E07BB00459C90 /* Build configuration list for PBXNativeTarget "Safeify" */;
			buildPhases = (
				35D05ADF7AD7253F48649ADC /* [CP] Check Pods Manifest.lock */,
				3CF56A9F236E07B800459C90 /* Sources */,
				3CF56AA0236E07B800459C90 /* Frameworks */,
				3CF56AA1236E07B800459C90 /* Resources */,
				02CCBE882FE956156FFB092C /* [CP] Copy Pods Resources */,
				4B0BB5138E7DC0F27842BE54 /* [CP] Embed Pods Frameworks */,
			);
			buildRules = (
			);
			dependencies = (
			);
			name = Safeify;
			productName = Safeify;
			productReference = 3CF56AA3236E07B800459C90 /* Safeify.app */;
			productType = "com.apple.product-type.application";
		};
/* End PBXNativeTarget section */

/* Begin PBXProject section */
		3CF56A9B236E07B800459C90 /* Project object */ = {
			isa = PBXProject;
			attributes = {
				LastSwiftUpdateCheck = 1120;
				LastUpgradeCheck = 1120;
				ORGANIZATIONNAME = "Jake Chasan";
				TargetAttributes = {
					3CF56AA2236E07B800459C90 = {
						CreatedOnToolsVersion = 11.2;
					};
				};
			};
			buildConfigurationList = 3CF56A9E236E07B800459C90 /* Build configuration list for PBXProject "Safeify" */;
			compatibilityVersion = "Xcode 9.3";
			developmentRegion = en;
			hasScannedForEncodings = 0;
			knownRegions = (
				en,
				Base,
			);
			mainGroup = 3CF56A9A236E07B800459C90;
			productRefGroup = 3CF56AA4236E07B800459C90 /* Products */;
			projectDirPath = "";
			projectRoot = "";
			targets = (
				3CF56AA2236E07B800459C90 /* Safeify */,
			);
		};
/* End PBXProject section */

/* Begin PBXResourcesBuildPhase section */
		3CF56AA1236E07B800459C90 /* Resources */ = {
			isa = PBXResourcesBuildPhase;
			buildActionMask = 2147483647;
			files = (
				3CF56AB3236E07BB00459C90 /* LaunchScreen.storyboard in Resources */,
				3C7D54EC236E172F0038DF9B /* GoogleService-Info.plist in Resources */,
				3CF56AB0236E07BB00459C90 /* Assets.xcassets in Resources */,
				3CA85EAE236E2FF8009761E7 /* google-logo-white.png in Resources */,
				3CA85EAC236E2F54009761E7 /* google-logo.png in Resources */,
				3CF56AAE236E07B800459C90 /* Main.storyboard in Resources */,
			);
			runOnlyForDeploymentPostprocessing = 0;
		};
/* End PBXResourcesBuildPhase section */

/* Begin PBXShellScriptBuildPhase section */
		02CCBE882FE956156FFB092C /* [CP] Copy Pods Resources */ = {
			isa = PBXShellScriptBuildPhase;
			buildActionMask = 2147483647;
			files = (
			);
			inputFileListPaths = (
				"${PODS_ROOT}/Target Support Files/Pods-Safeify/Pods-Safeify-resources-${CONFIGURATION}-input-files.xcfilelist",
			);
			name = "[CP] Copy Pods Resources";
			outputFileListPaths = (
				"${PODS_ROOT}/Target Support Files/Pods-Safeify/Pods-Safeify-resources-${CONFIGURATION}-output-files.xcfilelist",
			);
			runOnlyForDeploymentPostprocessing = 0;
			shellPath = /bin/sh;
			shellScript = "\"${PODS_ROOT}/Target Support Files/Pods-Safeify/Pods-Safeify-resources.sh\"\n";
			showEnvVarsInLog = 0;
		};
		35D05ADF7AD7253F48649ADC /* [CP] Check Pods Manifest.lock */ = {
			isa = PBXShellScriptBuildPhase;
			buildActionMask = 2147483647;
			files = (
			);
			inputFileListPaths = (
			);
			inputPaths = (
				"${PODS_PODFILE_DIR_PATH}/Podfile.lock",
				"${PODS_ROOT}/Manifest.lock",
			);
			name = "[CP] Check Pods Manifest.lock";
			outputFileListPaths = (
			);
			outputPaths = (
				"$(DERIVED_FILE_DIR)/Pods-Safeify-checkManifestLockResult.txt",
			);
			runOnlyForDeploymentPostprocessing = 0;
			shellPath = /bin/sh;
			shellScript = "diff \"${PODS_PODFILE_DIR_PATH}/Podfile.lock\" \"${PODS_ROOT}/Manifest.lock\" > /dev/null\nif [ $? != 0 ] ; then\n    # print error to STDERR\n    echo \"error: The sandbox is not in sync with the Podfile.lock. Run 'pod install' or update your CocoaPods installation.\" >&2\n    exit 1\nfi\n# This output is used by Xcode 'outputs' to avoid re-running this script phase.\necho \"SUCCESS\" > \"${SCRIPT_OUTPUT_FILE_0}\"\n";
			showEnvVarsInLog = 0;
		};
		4B0BB5138E7DC0F27842BE54 /* [CP] Embed Pods Frameworks */ = {
			isa = PBXShellScriptBuildPhase;
			buildActionMask = 2147483647;
			files = (
			);
			inputFileListPaths = (
				"${PODS_ROOT}/Target Support Files/Pods-Safeify/Pods-Safeify-frameworks-${CONFIGURATION}-input-files.xcfilelist",
			);
			name = "[CP] Embed Pods Frameworks";
			outputFileListPaths = (
				"${PODS_ROOT}/Target Support Files/Pods-Safeify/Pods-Safeify-frameworks-${CONFIGURATION}-output-files.xcfilelist",
			);
			runOnlyForDeploymentPostprocessing = 0;
			shellPath = /bin/sh;
			shellScript = "\"${PODS_ROOT}/Target Support Files/Pods-Safeify/Pods-Safeify-frameworks.sh\"\n";
			showEnvVarsInLog = 0;
		};
/* End PBXShellScriptBuildPhase section */

/* Begin PBXSourcesBuildPhase section */
		3CF56A9F236E07B800459C90 /* Sources */ = {
			isa = PBXSourcesBuildPhase;
			buildActionMask = 2147483647;
			files = (
				3C7D54EE236E193E0038DF9B /* DataTypes.swift in Sources */,
				3CF56AA7236E07B800459C90 /* AppDelegate.swift in Sources */,
				3CA85EAA236E1F8E009761E7 /* IncidentListTableViewCell.swift in Sources */,
				3CA85EB3236E35C0009761E7 /* IncidentDetailViewController.swift in Sources */,
				3CA85EB7236E35F7009761E7 /* IncidentDetailDescriptionTableViewCell.swift in Sources */,
				3C7D54F0236E1B2C0038DF9B /* IncidentListViewController.swift in Sources */,
				3CF56AA9236E07B800459C90 /* SceneDelegate.swift in Sources */,
			);
			runOnlyForDeploymentPostprocessing = 0;
		};
/* End PBXSourcesBuildPhase section */

/* Begin PBXVariantGroup section */
		3CF56AAC236E07B800459C90 /* Main.storyboard */ = {
			isa = PBXVariantGroup;
			children = (
				3CF56AAD236E07B800459C90 /* Base */,
			);
			name = Main.storyboard;
			sourceTree = "<group>";
		};
		3CF56AB1236E07BB00459C90 /* LaunchScreen.storyboard */ = {
			isa = PBXVariantGroup;
			children = (
				3CF56AB2236E07BB00459C90 /* Base */,
			);
			name = LaunchScreen.storyboard;
			sourceTree = "<group>";
		};
/* End PBXVariantGroup section */

/* Begin XCBuildConfiguration section */
		3CF56AB5236E07BB00459C90 /* Debug */ = {
			isa = XCBuildConfiguration;
			buildSettings = {
				ALWAYS_SEARCH_USER_PATHS = NO;
				CLANG_ANALYZER_NONNULL = YES;
				CLANG_ANALYZER_NUMBER_OBJECT_CONVERSION = YES_AGGRESSIVE;
				CLANG_CXX_LANGUAGE_STANDARD = "gnu++14";
				CLANG_CXX_LIBRARY = "libc++";
				CLANG_ENABLE_MODULES = YES;
				CLANG_ENABLE_OBJC_ARC = YES;
				CLANG_ENABLE_OBJC_WEAK = YES;
				CLANG_WARN_BLOCK_CAPTURE_AUTORELEASING = YES;
				CLANG_WARN_BOOL_CONVERSION = YES;
				CLANG_WARN_COMMA = YES;
				CLANG_WARN_CONSTANT_CONVERSION = YES;
				CLANG_WARN_DEPRECATED_OBJC_IMPLEMENTATIONS = YES;
				CLANG_WARN_DIRECT_OBJC_ISA_USAGE = YES_ERROR;
				CLANG_WARN_DOCUMENTATION_COMMENTS = YES;
				CLANG_WARN_EMPTY_BODY = YES;
				CLANG_WARN_ENUM_CONVERSION = YES;
				CLANG_WARN_INFINITE_RECURSION = YES;
				CLANG_WARN_INT_CONVERSION = YES;
				CLANG_WARN_NON_LITERAL_NULL_CONVERSION = YES;
				CLANG_WARN_OBJC_IMPLICIT_RETAIN_SELF = YES;
				CLANG_WARN_OBJC_LITERAL_CONVERSION = YES;
				CLANG_WARN_OBJC_ROOT_CLASS = YES_ERROR;
				CLANG_WARN_RANGE_LOOP_ANALYSIS = YES;
				CLANG_WARN_STRICT_PROTOTYPES = YES;
				CLANG_WARN_SUSPICIOUS_MOVE = YES;
				CLANG_WARN_UNGUARDED_AVAILABILITY = YES_AGGRESSIVE;
				CLANG_WARN_UNREACHABLE_CODE = YES;
				CLANG_WARN__DUPLICATE_METHOD_MATCH = YES;
				COPY_PHASE_STRIP = NO;
				DEBUG_INFORMATION_FORMAT = dwarf;
				ENABLE_STRICT_OBJC_MSGSEND = YES;
				ENABLE_TESTABILITY = YES;
				GCC_C_LANGUAGE_STANDARD = gnu11;
				GCC_DYNAMIC_NO_PIC = NO;
				GCC_NO_COMMON_BLOCKS = YES;
				GCC_OPTIMIZATION_LEVEL = 0;
				GCC_PREPROCESSOR_DEFINITIONS = (
					"DEBUG=1",
					"$(inherited)",
				);
				GCC_WARN_64_TO_32_BIT_CONVERSION = YES;
				GCC_WARN_ABOUT_RETURN_TYPE = YES_ERROR;
				GCC_WARN_UNDECLARED_SELECTOR = YES;
				GCC_WARN_UNINITIALIZED_AUTOS = YES_AGGRESSIVE;
				GCC_WARN_UNUSED_FUNCTION = YES;
				GCC_WARN_UNUSED_VARIABLE = YES;
				IPHONEOS_DEPLOYMENT_TARGET = 13.2;
				MTL_ENABLE_DEBUG_INFO = INCLUDE_SOURCE;
				MTL_FAST_MATH = YES;
				ONLY_ACTIVE_ARCH = YES;
				SDKROOT = iphoneos;
				SWIFT_ACTIVE_COMPILATION_CONDITIONS = DEBUG;
				SWIFT_OPTIMIZATION_LEVEL = "-Onone";
			};
			name = Debug;
		};
		3CF56AB6236E07BB00459C90 /* Release */ = {
			isa = XCBuildConfiguration;
			buildSettings = {
				ALWAYS_SEARCH_USER_PATHS = NO;
				CLANG_ANALYZER_NONNULL = YES;
				CLANG_ANALYZER_NUMBER_OBJECT_CONVERSION = YES_AGGRESSIVE;
				CLANG_CXX_LANGUAGE_STANDARD = "gnu++14";
				CLANG_CXX_LIBRARY = "libc++";
				CLANG_ENABLE_MODULES = YES;
				CLANG_ENABLE_OBJC_ARC = YES;
				CLANG_ENABLE_OBJC_WEAK = YES;
				CLANG_WARN_BLOCK_CAPTURE_AUTORELEASING = YES;
				CLANG_WARN_BOOL_CONVERSION = YES;
				CLANG_WARN_COMMA = YES;
				CLANG_WARN_CONSTANT_CONVERSION = YES;
				CLANG_WARN_DEPRECATED_OBJC_IMPLEMENTATIONS = YES;
				CLANG_WARN_DIRECT_OBJC_ISA_USAGE = YES_ERROR;
				CLANG_WARN_DOCUMENTATION_COMMENTS = YES;
				CLANG_WARN_EMPTY_BODY = YES;
				CLANG_WARN_ENUM_CONVERSION = YES;
				CLANG_WARN_INFINITE_RECURSION = YES;
				CLANG_WARN_INT_CONVERSION = YES;
				CLANG_WARN_NON_LITERAL_NULL_CONVERSION = YES;
				CLANG_WARN_OBJC_IMPLICIT_RETAIN_SELF = YES;
				CLANG_WARN_OBJC_LITERAL_CONVERSION = YES;
				CLANG_WARN_OBJC_ROOT_CLASS = YES_ERROR;
				CLANG_WARN_RANGE_LOOP_ANALYSIS = YES;
				CLANG_WARN_STRICT_PROTOTYPES = YES;
				CLANG_WARN_SUSPICIOUS_MOVE = YES;
				CLANG_WARN_UNGUARDED_AVAILABILITY = YES_AGGRESSIVE;
				CLANG_WARN_UNREACHABLE_CODE = YES;
				CLANG_WARN__DUPLICATE_METHOD_MATCH = YES;
				COPY_PHASE_STRIP = NO;
				DEBUG_INFORMATION_FORMAT = "dwarf-with-dsym";
				ENABLE_NS_ASSERTIONS = NO;
				ENABLE_STRICT_OBJC_MSGSEND = YES;
				GCC_C_LANGUAGE_STANDARD = gnu11;
				GCC_NO_COMMON_BLOCKS = YES;
				GCC_WARN_64_TO_32_BIT_CONVERSION = YES;
				GCC_WARN_ABOUT_RETURN_TYPE = YES_ERROR;
				GCC_WARN_UNDECLARED_SELECTOR = YES;
				GCC_WARN_UNINITIALIZED_AUTOS = YES_AGGRESSIVE;
				GCC_WARN_UNUSED_FUNCTION = YES;
				GCC_WARN_UNUSED_VARIABLE = YES;
				IPHONEOS_DEPLOYMENT_TARGET = 13.2;
				MTL_ENABLE_DEBUG_INFO = NO;
				MTL_FAST_MATH = YES;
				SDKROOT = iphoneos;
				SWIFT_COMPILATION_MODE = wholemodule;
				SWIFT_OPTIMIZATION_LEVEL = "-O";
				VALIDATE_PRODUCT = YES;
			};
			name = Release;
		};
		3CF56AB8236E07BB00459C90 /* Debug */ = {
			isa = XCBuildConfiguration;
			baseConfigurationReference = 39B083E0AE3ED7448041AFE3 /* Pods-Safeify.debug.xcconfig */;
			buildSettings = {
				ASSETCATALOG_COMPILER_APPICON_NAME = AppIcon;
				CODE_SIGN_STYLE = Automatic;
				INFOPLIST_FILE = Safeify/Info.plist;
				LD_RUNPATH_SEARCH_PATHS = (
					"$(inherited)",
					"@executable_path/Frameworks",
				);
				PRODUCT_BUNDLE_IDENTIFIER = edu.duke.safeify;
				PRODUCT_NAME = "$(TARGET_NAME)";
				SWIFT_VERSION = 5.0;
				TARGETED_DEVICE_FAMILY = "1,2";
				USER_HEADER_SEARCH_PATHS = Pods;
			};
			name = Debug;
		};
		3CF56AB9236E07BB00459C90 /* Release */ = {
			isa = XCBuildConfiguration;
			baseConfigurationReference = CB3733BA7A5341526CBE1157 /* Pods-Safeify.release.xcconfig */;
			buildSettings = {
				ASSETCATALOG_COMPILER_APPICON_NAME = AppIcon;
				CODE_SIGN_STYLE = Automatic;
				INFOPLIST_FILE = Safeify/Info.plist;
				LD_RUNPATH_SEARCH_PATHS = (
					"$(inherited)",
					"@executable_path/Frameworks",
				);
				PRODUCT_BUNDLE_IDENTIFIER = edu.duke.safeify;
				PRODUCT_NAME = "$(TARGET_NAME)";
				SWIFT_VERSION = 5.0;
				TARGETED_DEVICE_FAMILY = "1,2";
				USER_HEADER_SEARCH_PATHS = Pods;
			};
			name = Release;
		};
/* End XCBuildConfiguration section */

/* Begin XCConfigurationList section */
		3CF56A9E236E07B800459C90 /* Build configuration list for PBXProject "Safeify" */ = {
			isa = XCConfigurationList;
			buildConfigurations = (
				3CF56AB5236E07BB00459C90 /* Debug */,
				3CF56AB6236E07BB00459C90 /* Release */,
			);
			defaultConfigurationIsVisible = 0;
			defaultConfigurationName = Release;
		};
		3CF56AB7236E07BB00459C90 /* Build configuration list for PBXNativeTarget "Safeify" */ = {
			isa = XCConfigurationList;
			buildConfigurations = (
				3CF56AB8236E07BB00459C90 /* Debug */,
				3CF56AB9236E07BB00459C90 /* Release */,
			);
			defaultConfigurationIsVisible = 0;
			defaultConfigurationName = Release;
		};
/* End XCConfigurationList section */
	};
	rootObject = 3CF56A9B236E07B800459C90 /* Project object */;
}
