// !$*UTF8*$!
{
	archiveVersion = 1;
	classes = {
	};
	objectVersion = 50;
	objects = {

/* Begin PBXBuildFile section */
		3CE45045236E5CEC002AFA35 /* AppDelegate.swift in Sources */ = {isa = PBXBuildFile; fileRef = 3CE45044236E5CEC002AFA35 /* AppDelegate.swift */; };
		3CE45047236E5CEC002AFA35 /* SceneDelegate.swift in Sources */ = {isa = PBXBuildFile; fileRef = 3CE45046236E5CEC002AFA35 /* SceneDelegate.swift */; };
		3CE4504C236E5CEC002AFA35 /* Main.storyboard in Resources */ = {isa = PBXBuildFile; fileRef = 3CE4504A236E5CEC002AFA35 /* Main.storyboard */; };
		3CE4504E236E5CEE002AFA35 /* Assets.xcassets in Resources */ = {isa = PBXBuildFile; fileRef = 3CE4504D236E5CEE002AFA35 /* Assets.xcassets */; };
		3CE45051236E5CEE002AFA35 /* LaunchScreen.storyboard in Resources */ = {isa = PBXBuildFile; fileRef = 3CE4504F236E5CEE002AFA35 /* LaunchScreen.storyboard */; };
		3CE45066236E5D5D002AFA35 /* stream_img.jpg in Resources */ = {isa = PBXBuildFile; fileRef = 3CE45058236E5D5D002AFA35 /* stream_img.jpg */; };
		3CE45067236E5D5D002AFA35 /* google-logo.png in Resources */ = {isa = PBXBuildFile; fileRef = 3CE45059236E5D5D002AFA35 /* google-logo.png */; };
		3CE45068236E5D5D002AFA35 /* IncidentDetailImageTableViewCell.swift in Sources */ = {isa = PBXBuildFile; fileRef = 3CE4505B236E5D5D002AFA35 /* IncidentDetailImageTableViewCell.swift */; };
		3CE45069236E5D5D002AFA35 /* IncidentDetailDescriptionTableViewCell.swift in Sources */ = {isa = PBXBuildFile; fileRef = 3CE4505C236E5D5D002AFA35 /* IncidentDetailDescriptionTableViewCell.swift */; };
		3CE4506A236E5D5D002AFA35 /* IncidentDetailViewController.swift in Sources */ = {isa = PBXBuildFile; fileRef = 3CE4505D236E5D5D002AFA35 /* IncidentDetailViewController.swift */; };
		3CE4506B236E5D5D002AFA35 /* google-logo-white.png in Resources */ = {isa = PBXBuildFile; fileRef = 3CE4505E236E5D5D002AFA35 /* google-logo-white.png */; };
		3CE4506C236E5D5D002AFA35 /* IncidentListViewController.swift in Sources */ = {isa = PBXBuildFile; fileRef = 3CE45060236E5D5D002AFA35 /* IncidentListViewController.swift */; };
		3CE4506D236E5D5D002AFA35 /* IncidentListTableViewCell.swift in Sources */ = {isa = PBXBuildFile; fileRef = 3CE45061236E5D5D002AFA35 /* IncidentListTableViewCell.swift */; };
		3CE4506E236E5D5D002AFA35 /* IncidentReportTextInputTableViewCell.swift in Sources */ = {isa = PBXBuildFile; fileRef = 3CE45063236E5D5D002AFA35 /* IncidentReportTextInputTableViewCell.swift */; };
		3CE4506F236E5D5D002AFA35 /* IncidentReportButtonTableViewCell.swift in Sources */ = {isa = PBXBuildFile; fileRef = 3CE45064236E5D5D002AFA35 /* IncidentReportButtonTableViewCell.swift */; };
		3CE45070236E5D5D002AFA35 /* IncidentReportTableViewController.swift in Sources */ = {isa = PBXBuildFile; fileRef = 3CE45065236E5D5D002AFA35 /* IncidentReportTableViewController.swift */; };
		3CE45072236E5D85002AFA35 /* DataTypes.swift in Sources */ = {isa = PBXBuildFile; fileRef = 3CE45071236E5D85002AFA35 /* DataTypes.swift */; };
/* End PBXBuildFile section */

/* Begin PBXFileReference section */
		3CE45041236E5CEC002AFA35 /* Safeify.app */ = {isa = PBXFileReference; explicitFileType = wrapper.application; includeInIndex = 0; path = Safeify.app; sourceTree = BUILT_PRODUCTS_DIR; };
		3CE45044236E5CEC002AFA35 /* AppDelegate.swift */ = {isa = PBXFileReference; lastKnownFileType = sourcecode.swift; path = AppDelegate.swift; sourceTree = "<group>"; };
		3CE45046236E5CEC002AFA35 /* SceneDelegate.swift */ = {isa = PBXFileReference; lastKnownFileType = sourcecode.swift; path = SceneDelegate.swift; sourceTree = "<group>"; };
		3CE4504B236E5CEC002AFA35 /* Base */ = {isa = PBXFileReference; lastKnownFileType = file.storyboard; name = Base; path = Base.lproj/Main.storyboard; sourceTree = "<group>"; };
		3CE4504D236E5CEE002AFA35 /* Assets.xcassets */ = {isa = PBXFileReference; lastKnownFileType = folder.assetcatalog; path = Assets.xcassets; sourceTree = "<group>"; };
		3CE45050236E5CEE002AFA35 /* Base */ = {isa = PBXFileReference; lastKnownFileType = file.storyboard; name = Base; path = Base.lproj/LaunchScreen.storyboard; sourceTree = "<group>"; };
		3CE45052236E5CEE002AFA35 /* Info.plist */ = {isa = PBXFileReference; lastKnownFileType = text.plist.xml; path = Info.plist; sourceTree = "<group>"; };
		3CE45058236E5D5D002AFA35 /* stream_img.jpg */ = {isa = PBXFileReference; lastKnownFileType = image.jpeg; path = stream_img.jpg; sourceTree = "<group>"; };
		3CE45059236E5D5D002AFA35 /* google-logo.png */ = {isa = PBXFileReference; lastKnownFileType = image.png; path = "google-logo.png"; sourceTree = "<group>"; };
		3CE4505B236E5D5D002AFA35 /* IncidentDetailImageTableViewCell.swift */ = {isa = PBXFileReference; fileEncoding = 4; lastKnownFileType = sourcecode.swift; path = IncidentDetailImageTableViewCell.swift; sourceTree = "<group>"; };
		3CE4505C236E5D5D002AFA35 /* IncidentDetailDescriptionTableViewCell.swift */ = {isa = PBXFileReference; fileEncoding = 4; lastKnownFileType = sourcecode.swift; path = IncidentDetailDescriptionTableViewCell.swift; sourceTree = "<group>"; };
		3CE4505D236E5D5D002AFA35 /* IncidentDetailViewController.swift */ = {isa = PBXFileReference; fileEncoding = 4; lastKnownFileType = sourcecode.swift; path = IncidentDetailViewController.swift; sourceTree = "<group>"; };
		3CE4505E236E5D5D002AFA35 /* google-logo-white.png */ = {isa = PBXFileReference; lastKnownFileType = image.png; path = "google-logo-white.png"; sourceTree = "<group>"; };
		3CE45060236E5D5D002AFA35 /* IncidentListViewController.swift */ = {isa = PBXFileReference; fileEncoding = 4; lastKnownFileType = sourcecode.swift; path = IncidentListViewController.swift; sourceTree = "<group>"; };
		3CE45061236E5D5D002AFA35 /* IncidentListTableViewCell.swift */ = {isa = PBXFileReference; fileEncoding = 4; lastKnownFileType = sourcecode.swift; path = IncidentListTableViewCell.swift; sourceTree = "<group>"; };
		3CE45063236E5D5D002AFA35 /* IncidentReportTextInputTableViewCell.swift */ = {isa = PBXFileReference; fileEncoding = 4; lastKnownFileType = sourcecode.swift; path = IncidentReportTextInputTableViewCell.swift; sourceTree = "<group>"; };
		3CE45064236E5D5D002AFA35 /* IncidentReportButtonTableViewCell.swift */ = {isa = PBXFileReference; fileEncoding = 4; lastKnownFileType = sourcecode.swift; path = IncidentReportButtonTableViewCell.swift; sourceTree = "<group>"; };
		3CE45065236E5D5D002AFA35 /* IncidentReportTableViewController.swift */ = {isa = PBXFileReference; fileEncoding = 4; lastKnownFileType = sourcecode.swift; path = IncidentReportTableViewController.swift; sourceTree = "<group>"; };
		3CE45071236E5D85002AFA35 /* DataTypes.swift */ = {isa = PBXFileReference; fileEncoding = 4; lastKnownFileType = sourcecode.swift; path = DataTypes.swift; sourceTree = "<group>"; };
/* End PBXFileReference section */

/* Begin PBXFrameworksBuildPhase section */
		3CE4503E236E5CEC002AFA35 /* Frameworks */ = {
			isa = PBXFrameworksBuildPhase;
			buildActionMask = 2147483647;
			files = (
			);
			runOnlyForDeploymentPostprocessing = 0;
		};
/* End PBXFrameworksBuildPhase section */

/* Begin PBXGroup section */
		3CE45038236E5CEC002AFA35 = {
			isa = PBXGroup;
			children = (
				3CE45043236E5CEC002AFA35 /* Safeify */,
				3CE45042236E5CEC002AFA35 /* Products */,
			);
			sourceTree = "<group>";
		};
		3CE45042236E5CEC002AFA35 /* Products */ = {
			isa = PBXGroup;
			children = (
				3CE45041236E5CEC002AFA35 /* Safeify.app */,
			);
			name = Products;
			sourceTree = "<group>";
		};
		3CE45043236E5CEC002AFA35 /* Safeify */ = {
			isa = PBXGroup;
			children = (
				3CE45044236E5CEC002AFA35 /* AppDelegate.swift */,
				3CE45046236E5CEC002AFA35 /* SceneDelegate.swift */,
				3CE4505E236E5D5D002AFA35 /* google-logo-white.png */,
				3CE45059236E5D5D002AFA35 /* google-logo.png */,
				3CE45071236E5D85002AFA35 /* DataTypes.swift */,
				3CE4505A236E5D5D002AFA35 /* Incident Detail */,
				3CE4505F236E5D5D002AFA35 /* Incident List */,
				3CE45062236E5D5D002AFA35 /* Incident Report */,
				3CE45058236E5D5D002AFA35 /* stream_img.jpg */,
				3CE4504A236E5CEC002AFA35 /* Main.storyboard */,
				3CE4504D236E5CEE002AFA35 /* Assets.xcassets */,
				3CE4504F236E5CEE002AFA35 /* LaunchScreen.storyboard */,
				3CE45052236E5CEE002AFA35 /* Info.plist */,
			);
			path = Safeify;
			sourceTree = "<group>";
		};
		3CE4505A236E5D5D002AFA35 /* Incident Detail */ = {
			isa = PBXGroup;
			children = (
				3CE4505B236E5D5D002AFA35 /* IncidentDetailImageTableViewCell.swift */,
				3CE4505C236E5D5D002AFA35 /* IncidentDetailDescriptionTableViewCell.swift */,
				3CE4505D236E5D5D002AFA35 /* IncidentDetailViewController.swift */,
			);
			path = "Incident Detail";
			sourceTree = "<group>";
		};
		3CE4505F236E5D5D002AFA35 /* Incident List */ = {
			isa = PBXGroup;
			children = (
				3CE45060236E5D5D002AFA35 /* IncidentListViewController.swift */,
				3CE45061236E5D5D002AFA35 /* IncidentListTableViewCell.swift */,
			);
			path = "Incident List";
			sourceTree = "<group>";
		};
		3CE45062236E5D5D002AFA35 /* Incident Report */ = {
			isa = PBXGroup;
			children = (
				3CE45063236E5D5D002AFA35 /* IncidentReportTextInputTableViewCell.swift */,
				3CE45064236E5D5D002AFA35 /* IncidentReportButtonTableViewCell.swift */,
				3CE45065236E5D5D002AFA35 /* IncidentReportTableViewController.swift */,
			);
			path = "Incident Report";
			sourceTree = "<group>";
		};
/* End PBXGroup section */

/* Begin PBXNativeTarget section */
		3CE45040236E5CEC002AFA35 /* Safeify */ = {
			isa = PBXNativeTarget;
			buildConfigurationList = 3CE45055236E5CEE002AFA35 /* Build configuration list for PBXNativeTarget "Safeify" */;
			buildPhases = (
				3CE4503D236E5CEC002AFA35 /* Sources */,
				3CE4503E236E5CEC002AFA35 /* Frameworks */,
				3CE4503F236E5CEC002AFA35 /* Resources */,
			);
			buildRules = (
			);
			dependencies = (
			);
			name = Safeify;
			productName = Safeify;
			productReference = 3CE45041236E5CEC002AFA35 /* Safeify.app */;
			productType = "com.apple.product-type.application";
		};
/* End PBXNativeTarget section */

/* Begin PBXProject section */
		3CE45039236E5CEC002AFA35 /* Project object */ = {
			isa = PBXProject;
			attributes = {
				LastSwiftUpdateCheck = 1120;
				LastUpgradeCheck = 1120;
				ORGANIZATIONNAME = "Jake Chasan";
				TargetAttributes = {
					3CE45040236E5CEC002AFA35 = {
						CreatedOnToolsVersion = 11.2;
					};
				};
			};
			buildConfigurationList = 3CE4503C236E5CEC002AFA35 /* Build configuration list for PBXProject "Safeify" */;
			compatibilityVersion = "Xcode 9.3";
			developmentRegion = en;
			hasScannedForEncodings = 0;
			knownRegions = (
				en,
				Base,
			);
			mainGroup = 3CE45038236E5CEC002AFA35;
			productRefGroup = 3CE45042236E5CEC002AFA35 /* Products */;
			projectDirPath = "";
			projectRoot = "";
			targets = (
				3CE45040236E5CEC002AFA35 /* Safeify */,
			);
		};
/* End PBXProject section */

/* Begin PBXResourcesBuildPhase section */
		3CE4503F236E5CEC002AFA35 /* Resources */ = {
			isa = PBXResourcesBuildPhase;
			buildActionMask = 2147483647;
			files = (
				3CE45051236E5CEE002AFA35 /* LaunchScreen.storyboard in Resources */,
				3CE45066236E5D5D002AFA35 /* stream_img.jpg in Resources */,
				3CE4504E236E5CEE002AFA35 /* Assets.xcassets in Resources */,
				3CE4506B236E5D5D002AFA35 /* google-logo-white.png in Resources */,
				3CE45067236E5D5D002AFA35 /* google-logo.png in Resources */,
				3CE4504C236E5CEC002AFA35 /* Main.storyboard in Resources */,
			);
			runOnlyForDeploymentPostprocessing = 0;
		};
/* End PBXResourcesBuildPhase section */

/* Begin PBXSourcesBuildPhase section */
		3CE4503D236E5CEC002AFA35 /* Sources */ = {
			isa = PBXSourcesBuildPhase;
			buildActionMask = 2147483647;
			files = (
				3CE45068236E5D5D002AFA35 /* IncidentDetailImageTableViewCell.swift in Sources */,
				3CE45045236E5CEC002AFA35 /* AppDelegate.swift in Sources */,
				3CE45047236E5CEC002AFA35 /* SceneDelegate.swift in Sources */,
				3CE4506D236E5D5D002AFA35 /* IncidentListTableViewCell.swift in Sources */,
				3CE4506A236E5D5D002AFA35 /* IncidentDetailViewController.swift in Sources */,
				3CE45070236E5D5D002AFA35 /* IncidentReportTableViewController.swift in Sources */,
				3CE4506C236E5D5D002AFA35 /* IncidentListViewController.swift in Sources */,
				3CE45069236E5D5D002AFA35 /* IncidentDetailDescriptionTableViewCell.swift in Sources */,
				3CE4506F236E5D5D002AFA35 /* IncidentReportButtonTableViewCell.swift in Sources */,
				3CE4506E236E5D5D002AFA35 /* IncidentReportTextInputTableViewCell.swift in Sources */,
				3CE45072236E5D85002AFA35 /* DataTypes.swift in Sources */,
			);
			runOnlyForDeploymentPostprocessing = 0;
		};
/* End PBXSourcesBuildPhase section */

/* Begin PBXVariantGroup section */
		3CE4504A236E5CEC002AFA35 /* Main.storyboard */ = {
			isa = PBXVariantGroup;
			children = (
				3CE4504B236E5CEC002AFA35 /* Base */,
			);
			name = Main.storyboard;
			sourceTree = "<group>";
		};
		3CE4504F236E5CEE002AFA35 /* LaunchScreen.storyboard */ = {
			isa = PBXVariantGroup;
			children = (
				3CE45050236E5CEE002AFA35 /* Base */,
			);
			name = LaunchScreen.storyboard;
			sourceTree = "<group>";
		};
/* End PBXVariantGroup section */

/* Begin XCBuildConfiguration section */
		3CE45053236E5CEE002AFA35 /* Debug */ = {
			isa = XCBuildConfiguration;
			buildSettings = {
				ALWAYS_SEARCH_USER_PATHS = NO;
				CLANG_ANALYZER_NONNULL = YES;
				CLANG_ANALYZER_NUMBER_OBJECT_CONVERSION = YES_AGGRESSIVE;
				CLANG_CXX_LANGUAGE_STANDARD = "gnu++14";
				CLANG_CXX_LIBRARY = "libc++";
				CLANG_ENABLE_MODULES = YES;
				CLANG_ENABLE_OBJC_ARC = YES;
				CLANG_ENABLE_OBJC_WEAK = YES;
				CLANG_WARN_BLOCK_CAPTURE_AUTORELEASING = YES;
				CLANG_WARN_BOOL_CONVERSION = YES;
				CLANG_WARN_COMMA = YES;
				CLANG_WARN_CONSTANT_CONVERSION = YES;
				CLANG_WARN_DEPRECATED_OBJC_IMPLEMENTATIONS = YES;
				CLANG_WARN_DIRECT_OBJC_ISA_USAGE = YES_ERROR;
				CLANG_WARN_DOCUMENTATION_COMMENTS = YES;
				CLANG_WARN_EMPTY_BODY = YES;
				CLANG_WARN_ENUM_CONVERSION = YES;
				CLANG_WARN_INFINITE_RECURSION = YES;
				CLANG_WARN_INT_CONVERSION = YES;
				CLANG_WARN_NON_LITERAL_NULL_CONVERSION = YES;
				CLANG_WARN_OBJC_IMPLICIT_RETAIN_SELF = YES;
				CLANG_WARN_OBJC_LITERAL_CONVERSION = YES;
				CLANG_WARN_OBJC_ROOT_CLASS = YES_ERROR;
				CLANG_WARN_RANGE_LOOP_ANALYSIS = YES;
				CLANG_WARN_STRICT_PROTOTYPES = YES;
				CLANG_WARN_SUSPICIOUS_MOVE = YES;
				CLANG_WARN_UNGUARDED_AVAILABILITY = YES_AGGRESSIVE;
				CLANG_WARN_UNREACHABLE_CODE = YES;
				CLANG_WARN__DUPLICATE_METHOD_MATCH = YES;
				COPY_PHASE_STRIP = NO;
				DEBUG_INFORMATION_FORMAT = dwarf;
				ENABLE_STRICT_OBJC_MSGSEND = YES;
				ENABLE_TESTABILITY = YES;
				GCC_C_LANGUAGE_STANDARD = gnu11;
				GCC_DYNAMIC_NO_PIC = NO;
				GCC_NO_COMMON_BLOCKS = YES;
				GCC_OPTIMIZATION_LEVEL = 0;
				GCC_PREPROCESSOR_DEFINITIONS = (
					"DEBUG=1",
					"$(inherited)",
				);
				GCC_WARN_64_TO_32_BIT_CONVERSION = YES;
				GCC_WARN_ABOUT_RETURN_TYPE = YES_ERROR;
				GCC_WARN_UNDECLARED_SELECTOR = YES;
				GCC_WARN_UNINITIALIZED_AUTOS = YES_AGGRESSIVE;
				GCC_WARN_UNUSED_FUNCTION = YES;
				GCC_WARN_UNUSED_VARIABLE = YES;
				IPHONEOS_DEPLOYMENT_TARGET = 13.2;
				MTL_ENABLE_DEBUG_INFO = INCLUDE_SOURCE;
				MTL_FAST_MATH = YES;
				ONLY_ACTIVE_ARCH = YES;
				SDKROOT = iphoneos;
				SWIFT_ACTIVE_COMPILATION_CONDITIONS = DEBUG;
				SWIFT_OPTIMIZATION_LEVEL = "-Onone";
			};
			name = Debug;
		};
		3CE45054236E5CEE002AFA35 /* Release */ = {
			isa = XCBuildConfiguration;
			buildSettings = {
				ALWAYS_SEARCH_USER_PATHS = NO;
				CLANG_ANALYZER_NONNULL = YES;
				CLANG_ANALYZER_NUMBER_OBJECT_CONVERSION = YES_AGGRESSIVE;
				CLANG_CXX_LANGUAGE_STANDARD = "gnu++14";
				CLANG_CXX_LIBRARY = "libc++";
				CLANG_ENABLE_MODULES = YES;
				CLANG_ENABLE_OBJC_ARC = YES;
				CLANG_ENABLE_OBJC_WEAK = YES;
				CLANG_WARN_BLOCK_CAPTURE_AUTORELEASING = YES;
				CLANG_WARN_BOOL_CONVERSION = YES;
				CLANG_WARN_COMMA = YES;
				CLANG_WARN_CONSTANT_CONVERSION = YES;
				CLANG_WARN_DEPRECATED_OBJC_IMPLEMENTATIONS = YES;
				CLANG_WARN_DIRECT_OBJC_ISA_USAGE = YES_ERROR;
				CLANG_WARN_DOCUMENTATION_COMMENTS = YES;
				CLANG_WARN_EMPTY_BODY = YES;
				CLANG_WARN_ENUM_CONVERSION = YES;
				CLANG_WARN_INFINITE_RECURSION = YES;
				CLANG_WARN_INT_CONVERSION = YES;
				CLANG_WARN_NON_LITERAL_NULL_CONVERSION = YES;
				CLANG_WARN_OBJC_IMPLICIT_RETAIN_SELF = YES;
				CLANG_WARN_OBJC_LITERAL_CONVERSION = YES;
				CLANG_WARN_OBJC_ROOT_CLASS = YES_ERROR;
				CLANG_WARN_RANGE_LOOP_ANALYSIS = YES;
				CLANG_WARN_STRICT_PROTOTYPES = YES;
				CLANG_WARN_SUSPICIOUS_MOVE = YES;
				CLANG_WARN_UNGUARDED_AVAILABILITY = YES_AGGRESSIVE;
				CLANG_WARN_UNREACHABLE_CODE = YES;
				CLANG_WARN__DUPLICATE_METHOD_MATCH = YES;
				COPY_PHASE_STRIP = NO;
				DEBUG_INFORMATION_FORMAT = "dwarf-with-dsym";
				ENABLE_NS_ASSERTIONS = NO;
				ENABLE_STRICT_OBJC_MSGSEND = YES;
				GCC_C_LANGUAGE_STANDARD = gnu11;
				GCC_NO_COMMON_BLOCKS = YES;
				GCC_WARN_64_TO_32_BIT_CONVERSION = YES;
				GCC_WARN_ABOUT_RETURN_TYPE = YES_ERROR;
				GCC_WARN_UNDECLARED_SELECTOR = YES;
				GCC_WARN_UNINITIALIZED_AUTOS = YES_AGGRESSIVE;
				GCC_WARN_UNUSED_FUNCTION = YES;
				GCC_WARN_UNUSED_VARIABLE = YES;
				IPHONEOS_DEPLOYMENT_TARGET = 13.2;
				MTL_ENABLE_DEBUG_INFO = NO;
				MTL_FAST_MATH = YES;
				SDKROOT = iphoneos;
				SWIFT_COMPILATION_MODE = wholemodule;
				SWIFT_OPTIMIZATION_LEVEL = "-O";
				VALIDATE_PRODUCT = YES;
			};
			name = Release;
		};
		3CE45056236E5CEE002AFA35 /* Debug */ = {
			isa = XCBuildConfiguration;
			buildSettings = {
				ASSETCATALOG_COMPILER_APPICON_NAME = AppIcon;
				CODE_SIGN_STYLE = Automatic;
				INFOPLIST_FILE = Safeify/Info.plist;
				LD_RUNPATH_SEARCH_PATHS = (
					"$(inherited)",
					"@executable_path/Frameworks",
				);
				PRODUCT_BUNDLE_IDENTIFIER = edu.duke.Safeify;
				PRODUCT_NAME = "$(TARGET_NAME)";
				SWIFT_VERSION = 5.0;
				TARGETED_DEVICE_FAMILY = "1,2";
			};
			name = Debug;
		};
		3CE45057236E5CEE002AFA35 /* Release */ = {
			isa = XCBuildConfiguration;
			buildSettings = {
				ASSETCATALOG_COMPILER_APPICON_NAME = AppIcon;
				CODE_SIGN_STYLE = Automatic;
				INFOPLIST_FILE = Safeify/Info.plist;
				LD_RUNPATH_SEARCH_PATHS = (
					"$(inherited)",
					"@executable_path/Frameworks",
				);
				PRODUCT_BUNDLE_IDENTIFIER = edu.duke.Safeify;
				PRODUCT_NAME = "$(TARGET_NAME)";
				SWIFT_VERSION = 5.0;
				TARGETED_DEVICE_FAMILY = "1,2";
			};
			name = Release;
		};
/* End XCBuildConfiguration section */

/* Begin XCConfigurationList section */
		3CE4503C236E5CEC002AFA35 /* Build configuration list for PBXProject "Safeify" */ = {
			isa = XCConfigurationList;
			buildConfigurations = (
				3CE45053236E5CEE002AFA35 /* Debug */,
				3CE45054236E5CEE002AFA35 /* Release */,
			);
			defaultConfigurationIsVisible = 0;
			defaultConfigurationName = Release;
		};
		3CE45055236E5CEE002AFA35 /* Build configuration list for PBXNativeTarget "Safeify" */ = {
			isa = XCConfigurationList;
			buildConfigurations = (
				3CE45056236E5CEE002AFA35 /* Debug */,
				3CE45057236E5CEE002AFA35 /* Release */,
			);
			defaultConfigurationIsVisible = 0;
			defaultConfigurationName = Release;
		};
/* End XCConfigurationList section */
	};
	rootObject = 3CE45039236E5CEC002AFA35 /* Project object */;
}
